
Microsoft Visual Studio Solution File, Format Version 12.00
# Visual Studio Version 17
VisualStudioVersion = 17.1.32414.318
MinimumVisualStudioVersion = 10.0.40219.1
Project("{FAE04EC0-301F-11D3-BF4B-00C04F79EFBC}") = "tett", "tett\tett.csproj", "{1F7304C8-6321-413B-9D59-96126FED51F9}"
EndProject
Global
	GlobalSection(SolutionConfigurationPlatforms) = preSolution
		Debug|Any CPU = Debug|Any CPU
		Release|Any CPU = Release|Any CPU
	EndGlobalSection
	GlobalSection(ProjectConfigurationPlatforms) = postSolution
		{1F7304C8-6321-413B-9D59-96126FED51F9}.Debug|Any CPU.ActiveCfg = Debug|Any CPU
		{1F7304C8-6321-413B-9D59-96126FED51F9}.Debug|Any CPU.Build.0 = Debug|Any CPU
		{1F7304C8-6321-413B-9D59-96126FED51F9}.Release|Any CPU.ActiveCfg = Release|Any CPU
		{1F7304C8-6321-413B-9D59-96126FED51F9}.Release|Any CPU.Build.0 = Release|Any CPU
	EndGlobalSection
	GlobalSection(SolutionProperties) = preSolution
		HideSolutionNode = FALSE
	EndGlobalSection
	GlobalSection(ExtensibilityGlobals) = postSolution
		SolutionGuid = {48EC3E2B-E574-4BC4-B154-A81DFF20A72E}
	EndGlobalSection
EndGlobal
